
Microsoft Visual Studio Solution File, Format Version 12.00
# Visual Studio Version 17
VisualStudioVersion = 17.3.32929.385
MinimumVisualStudioVersion = 10.0.40219.1
Project("{9A19103F-16F7-4668-BE54-9A1E7A4F7556}") = "CRUD_Web_API_net6", "CRUD_Web_API_net6\CRUD_Web_API_net6.csproj", "{C5149C51-6DB8-40EF-893C-51ABD917E42E}"
EndProject
Project("{2150E333-8FDC-42A3-9474-1A3956D46DE8}") = "Solution Items", "Solution Items", "{2546BEFD-1ADB-4C41-B97F-5E6DFAF28510}"
	ProjectSection(SolutionItems) = preProject
		.editorconfig = .editorconfig
	EndProjectSection
EndProject
Global
	GlobalSection(SolutionConfigurationPlatforms) = preSolution
		Debug|Any CPU = Debug|Any CPU
		Release|Any CPU = Release|Any CPU
	EndGlobalSection
	GlobalSection(ProjectConfigurationPlatforms) = postSolution
		{C5149C51-6DB8-40EF-893C-51ABD917E42E}.Debug|Any CPU.ActiveCfg = Debug|Any CPU
		{C5149C51-6DB8-40EF-893C-51ABD917E42E}.Debug|Any CPU.Build.0 = Debug|Any CPU
		{C5149C51-6DB8-40EF-893C-51ABD917E42E}.Release|Any CPU.ActiveCfg = Release|Any CPU
		{C5149C51-6DB8-40EF-893C-51ABD917E42E}.Release|Any CPU.Build.0 = Release|Any CPU
	EndGlobalSection
	GlobalSection(SolutionProperties) = preSolution
		HideSolutionNode = FALSE
	EndGlobalSection
	GlobalSection(ExtensibilityGlobals) = postSolution
		SolutionGuid = {C58B2ADC-F542-404E-9ABF-53EA20AFC1FD}
	EndGlobalSection
EndGlobal
